
Microsoft Visual Studio Solution File, Format Version 12.00
# Visual Studio Version 17
VisualStudioVersion = 17.5.33502.453
MinimumVisualStudioVersion = 10.0.40219.1
Project("{FAE04EC0-301F-11D3-BF4B-00C04F79EFBC}") = "CalculoNIF", "CalculoNIF.csproj", "{99A94375-3278-40E4-95C0-09A5873890F7}"
EndProject
Global
	GlobalSection(SolutionConfigurationPlatforms) = preSolution
		Debug|Any CPU = Debug|Any CPU
		Release|Any CPU = Release|Any CPU
	EndGlobalSection
	GlobalSection(ProjectConfigurationPlatforms) = postSolution
		{99A94375-3278-40E4-95C0-09A5873890F7}.Debug|Any CPU.ActiveCfg = Debug|Any CPU
		{99A94375-3278-40E4-95C0-09A5873890F7}.Debug|Any CPU.Build.0 = Debug|Any CPU
		{99A94375-3278-40E4-95C0-09A5873890F7}.Release|Any CPU.ActiveCfg = Release|Any CPU
		{99A94375-3278-40E4-95C0-09A5873890F7}.Release|Any CPU.Build.0 = Release|Any CPU
	EndGlobalSection
	GlobalSection(SolutionProperties) = preSolution
		HideSolutionNode = FALSE
	EndGlobalSection
	GlobalSection(ExtensibilityGlobals) = postSolution
		SolutionGuid = {365C74F5-EA86-4D9A-8651-A8D0219E8EC3}
	EndGlobalSection
EndGlobal
